{
  "name": "client",
  "version": "0.1.0",
  "lockfileVersion": 1,
  "requires": true,
  "dependencies": {
    "react-loading-spinner": {
      "version": "1.0.12",
      "resolved": "https://registry.npmjs.org/react-loading-spinner/-/react-loading-spinner-1.0.12.tgz",
      "integrity": "sha1-HUq6PvWz4Qqtnhf2cSODCrpWJq4="
    }
  }
}
